// !$*UTF8*$!
{
	archiveVersion = 1;
	classes = {
	};
	objectVersion = 56;
	objects = {

/* Begin PBXBuildFile section */
		D14061112939694200796A2B /* CoinInfoAppApp.swift in Sources */ = {isa = PBXBuildFile; fileRef = D14061102939694200796A2B /* CoinInfoAppApp.swift */; };
		D14061132939694200796A2B /* ContentView.swift in Sources */ = {isa = PBXBuildFile; fileRef = D14061122939694200796A2B /* ContentView.swift */; };
		D14061152939694300796A2B /* Assets.xcassets in Resources */ = {isa = PBXBuildFile; fileRef = D14061142939694300796A2B /* Assets.xcassets */; };
		D14061182939694300796A2B /* Preview Assets.xcassets in Resources */ = {isa = PBXBuildFile; fileRef = D14061172939694300796A2B /* Preview Assets.xcassets */; };
		D1B3DB29293BDE3F001DA53F /* TopMoversView.swift in Sources */ = {isa = PBXBuildFile; fileRef = D1B3DB28293BDE3F001DA53F /* TopMoversView.swift */; };
		D1B3DB2B293BDE5E001DA53F /* TopMoversItemView.swift in Sources */ = {isa = PBXBuildFile; fileRef = D1B3DB2A293BDE5E001DA53F /* TopMoversItemView.swift */; };
		D1B3DB2D293BEAD7001DA53F /* AllCoinsView.swift in Sources */ = {isa = PBXBuildFile; fileRef = D1B3DB2C293BEAD7001DA53F /* AllCoinsView.swift */; };
		D1B3DB2F293BEAF6001DA53F /* CoinRowView.swift in Sources */ = {isa = PBXBuildFile; fileRef = D1B3DB2E293BEAF6001DA53F /* CoinRowView.swift */; };
		D1C1A920293AB69A00B267B1 /* HomeView.swift in Sources */ = {isa = PBXBuildFile; fileRef = D1C1A91F293AB69A00B267B1 /* HomeView.swift */; };
/* End PBXBuildFile section */

/* Begin PBXFileReference section */
		D140610D2939694200796A2B /* CoinInfoApp.app */ = {isa = PBXFileReference; explicitFileType = wrapper.application; includeInIndex = 0; path = CoinInfoApp.app; sourceTree = BUILT_PRODUCTS_DIR; };
		D14061102939694200796A2B /* CoinInfoAppApp.swift */ = {isa = PBXFileReference; lastKnownFileType = sourcecode.swift; path = CoinInfoAppApp.swift; sourceTree = "<group>"; };
		D14061122939694200796A2B /* ContentView.swift */ = {isa = PBXFileReference; lastKnownFileType = sourcecode.swift; path = ContentView.swift; sourceTree = "<group>"; };
		D14061142939694300796A2B /* Assets.xcassets */ = {isa = PBXFileReference; lastKnownFileType = folder.assetcatalog; path = Assets.xcassets; sourceTree = "<group>"; };
		D14061172939694300796A2B /* Preview Assets.xcassets */ = {isa = PBXFileReference; lastKnownFileType = folder.assetcatalog; path = "Preview Assets.xcassets"; sourceTree = "<group>"; };
		D1B3DB28293BDE3F001DA53F /* TopMoversView.swift */ = {isa = PBXFileReference; lastKnownFileType = sourcecode.swift; path = TopMoversView.swift; sourceTree = "<group>"; };
		D1B3DB2A293BDE5E001DA53F /* TopMoversItemView.swift */ = {isa = PBXFileReference; lastKnownFileType = sourcecode.swift; path = TopMoversItemView.swift; sourceTree = "<group>"; };
		D1B3DB2C293BEAD7001DA53F /* AllCoinsView.swift */ = {isa = PBXFileReference; lastKnownFileType = sourcecode.swift; path = AllCoinsView.swift; sourceTree = "<group>"; };
		D1B3DB2E293BEAF6001DA53F /* CoinRowView.swift */ = {isa = PBXFileReference; lastKnownFileType = sourcecode.swift; path = CoinRowView.swift; sourceTree = "<group>"; };
		D1C1A91F293AB69A00B267B1 /* HomeView.swift */ = {isa = PBXFileReference; lastKnownFileType = sourcecode.swift; path = HomeView.swift; sourceTree = "<group>"; };
/* End PBXFileReference section */

/* Begin PBXFrameworksBuildPhase section */
		D140610A2939694200796A2B /* Frameworks */ = {
			isa = PBXFrameworksBuildPhase;
			buildActionMask = 2147483647;
			files = (
			);
			runOnlyForDeploymentPostprocessing = 0;
		};
/* End PBXFrameworksBuildPhase section */

/* Begin PBXGroup section */
		D14061042939694200796A2B = {
			isa = PBXGroup;
			children = (
				D140610F2939694200796A2B /* CoinInfoApp */,
				D140610E2939694200796A2B /* Products */,
			);
			sourceTree = "<group>";
		};
		D140610E2939694200796A2B /* Products */ = {
			isa = PBXGroup;
			children = (
				D140610D2939694200796A2B /* CoinInfoApp.app */,
			);
			name = Products;
			sourceTree = "<group>";
		};
		D140610F2939694200796A2B /* CoinInfoApp */ = {
			isa = PBXGroup;
			children = (
				D1C1A91B293AB57800B267B1 /* Core */,
				D1C1A91A293AB57500B267B1 /* Utils */,
				D1C1A919293AB57200B267B1 /* Extensions */,
				D1C1A918293AB56F00B267B1 /* Models */,
				D1C1A917293AB56C00B267B1 /* App */,
				D14061122939694200796A2B /* ContentView.swift */,
				D14061142939694300796A2B /* Assets.xcassets */,
				D14061162939694300796A2B /* Preview Content */,
			);
			path = CoinInfoApp;
			sourceTree = "<group>";
		};
		D14061162939694300796A2B /* Preview Content */ = {
			isa = PBXGroup;
			children = (
				D14061172939694300796A2B /* Preview Assets.xcassets */,
			);
			path = "Preview Content";
			sourceTree = "<group>";
		};
		D1C1A917293AB56C00B267B1 /* App */ = {
			isa = PBXGroup;
			children = (
				D14061102939694200796A2B /* CoinInfoAppApp.swift */,
			);
			path = App;
			sourceTree = "<group>";
		};
		D1C1A918293AB56F00B267B1 /* Models */ = {
			isa = PBXGroup;
			children = (
			);
			path = Models;
			sourceTree = "<group>";
		};
		D1C1A919293AB57200B267B1 /* Extensions */ = {
			isa = PBXGroup;
			children = (
			);
			path = Extensions;
			sourceTree = "<group>";
		};
		D1C1A91A293AB57500B267B1 /* Utils */ = {
			isa = PBXGroup;
			children = (
			);
			path = Utils;
			sourceTree = "<group>";
		};
		D1C1A91B293AB57800B267B1 /* Core */ = {
			isa = PBXGroup;
			children = (
				D1C1A91C293AB64600B267B1 /* Home */,
			);
			path = Core;
			sourceTree = "<group>";
		};
		D1C1A91C293AB64600B267B1 /* Home */ = {
			isa = PBXGroup;
			children = (
				D1C1A91E293AB66E00B267B1 /* ViewModels */,
				D1C1A91D293AB66600B267B1 /* Views */,
			);
			path = Home;
			sourceTree = "<group>";
		};
		D1C1A91D293AB66600B267B1 /* Views */ = {
			isa = PBXGroup;
			children = (
				D1C1A91F293AB69A00B267B1 /* HomeView.swift */,
				D1B3DB28293BDE3F001DA53F /* TopMoversView.swift */,
				D1B3DB2A293BDE5E001DA53F /* TopMoversItemView.swift */,
				D1B3DB2C293BEAD7001DA53F /* AllCoinsView.swift */,
				D1B3DB2E293BEAF6001DA53F /* CoinRowView.swift */,
			);
			path = Views;
			sourceTree = "<group>";
		};
		D1C1A91E293AB66E00B267B1 /* ViewModels */ = {
			isa = PBXGroup;
			children = (
			);
			path = ViewModels;
			sourceTree = "<group>";
		};
/* End PBXGroup section */

/* Begin PBXNativeTarget section */
		D140610C2939694200796A2B /* CoinInfoApp */ = {
			isa = PBXNativeTarget;
			buildConfigurationList = D140611B2939694300796A2B /* Build configuration list for PBXNativeTarget "CoinInfoApp" */;
			buildPhases = (
				D14061092939694200796A2B /* Sources */,
				D140610A2939694200796A2B /* Frameworks */,
				D140610B2939694200796A2B /* Resources */,
			);
			buildRules = (
			);
			dependencies = (
			);
			name = CoinInfoApp;
			productName = CoinInfoApp;
			productReference = D140610D2939694200796A2B /* CoinInfoApp.app */;
			productType = "com.apple.product-type.application";
		};
/* End PBXNativeTarget section */

/* Begin PBXProject section */
		D14061052939694200796A2B /* Project object */ = {
			isa = PBXProject;
			attributes = {
				BuildIndependentTargetsInParallel = 1;
				LastSwiftUpdateCheck = 1410;
				LastUpgradeCheck = 1410;
				TargetAttributes = {
					D140610C2939694200796A2B = {
						CreatedOnToolsVersion = 14.1;
					};
				};
			};
			buildConfigurationList = D14061082939694200796A2B /* Build configuration list for PBXProject "CoinInfoApp" */;
			compatibilityVersion = "Xcode 14.0";
			developmentRegion = en;
			hasScannedForEncodings = 0;
			knownRegions = (
				en,
				Base,
			);
			mainGroup = D14061042939694200796A2B;
			productRefGroup = D140610E2939694200796A2B /* Products */;
			projectDirPath = "";
			projectRoot = "";
			targets = (
				D140610C2939694200796A2B /* CoinInfoApp */,
			);
		};
/* End PBXProject section */

/* Begin PBXResourcesBuildPhase section */
		D140610B2939694200796A2B /* Resources */ = {
			isa = PBXResourcesBuildPhase;
			buildActionMask = 2147483647;
			files = (
				D14061182939694300796A2B /* Preview Assets.xcassets in Resources */,
				D14061152939694300796A2B /* Assets.xcassets in Resources */,
			);
			runOnlyForDeploymentPostprocessing = 0;
		};
/* End PBXResourcesBuildPhase section */

/* Begin PBXSourcesBuildPhase section */
		D14061092939694200796A2B /* Sources */ = {
			isa = PBXSourcesBuildPhase;
			buildActionMask = 2147483647;
			files = (
				D1B3DB29293BDE3F001DA53F /* TopMoversView.swift in Sources */,
				D1B3DB2D293BEAD7001DA53F /* AllCoinsView.swift in Sources */,
				D1C1A920293AB69A00B267B1 /* HomeView.swift in Sources */,
				D14061132939694200796A2B /* ContentView.swift in Sources */,
				D14061112939694200796A2B /* CoinInfoAppApp.swift in Sources */,
				D1B3DB2F293BEAF6001DA53F /* CoinRowView.swift in Sources */,
				D1B3DB2B293BDE5E001DA53F /* TopMoversItemView.swift in Sources */,
			);
			runOnlyForDeploymentPostprocessing = 0;
		};
/* End PBXSourcesBuildPhase section */

/* Begin XCBuildConfiguration section */
		D14061192939694300796A2B /* Debug */ = {
			isa = XCBuildConfiguration;
			buildSettings = {
				ALWAYS_SEARCH_USER_PATHS = NO;
				CLANG_ANALYZER_NONNULL = YES;
				CLANG_ANALYZER_NUMBER_OBJECT_CONVERSION = YES_AGGRESSIVE;
				CLANG_CXX_LANGUAGE_STANDARD = "gnu++20";
				CLANG_ENABLE_MODULES = YES;
				CLANG_ENABLE_OBJC_ARC = YES;
				CLANG_ENABLE_OBJC_WEAK = YES;
				CLANG_WARN_BLOCK_CAPTURE_AUTORELEASING = YES;
				CLANG_WARN_BOOL_CONVERSION = YES;
				CLANG_WARN_COMMA = YES;
				CLANG_WARN_CONSTANT_CONVERSION = YES;
				CLANG_WARN_DEPRECATED_OBJC_IMPLEMENTATIONS = YES;
				CLANG_WARN_DIRECT_OBJC_ISA_USAGE = YES_ERROR;
				CLANG_WARN_DOCUMENTATION_COMMENTS = YES;
				CLANG_WARN_EMPTY_BODY = YES;
				CLANG_WARN_ENUM_CONVERSION = YES;
				CLANG_WARN_INFINITE_RECURSION = YES;
				CLANG_WARN_INT_CONVERSION = YES;
				CLANG_WARN_NON_LITERAL_NULL_CONVERSION = YES;
				CLANG_WARN_OBJC_IMPLICIT_RETAIN_SELF = YES;
				CLANG_WARN_OBJC_LITERAL_CONVERSION = YES;
				CLANG_WARN_OBJC_ROOT_CLASS = YES_ERROR;
				CLANG_WARN_QUOTED_INCLUDE_IN_FRAMEWORK_HEADER = YES;
				CLANG_WARN_RANGE_LOOP_ANALYSIS = YES;
				CLANG_WARN_STRICT_PROTOTYPES = YES;
				CLANG_WARN_SUSPICIOUS_MOVE = YES;
				CLANG_WARN_UNGUARDED_AVAILABILITY = YES_AGGRESSIVE;
				CLANG_WARN_UNREACHABLE_CODE = YES;
				CLANG_WARN__DUPLICATE_METHOD_MATCH = YES;
				COPY_PHASE_STRIP = NO;
				DEBUG_INFORMATION_FORMAT = dwarf;
				ENABLE_STRICT_OBJC_MSGSEND = YES;
				ENABLE_TESTABILITY = YES;
				GCC_C_LANGUAGE_STANDARD = gnu11;
				GCC_DYNAMIC_NO_PIC = NO;
				GCC_NO_COMMON_BLOCKS = YES;
				GCC_OPTIMIZATION_LEVEL = 0;
				GCC_PREPROCESSOR_DEFINITIONS = (
					"DEBUG=1",
					"$(inherited)",
				);
				GCC_WARN_64_TO_32_BIT_CONVERSION = YES;
				GCC_WARN_ABOUT_RETURN_TYPE = YES_ERROR;
				GCC_WARN_UNDECLARED_SELECTOR = YES;
				GCC_WARN_UNINITIALIZED_AUTOS = YES_AGGRESSIVE;
				GCC_WARN_UNUSED_FUNCTION = YES;
				GCC_WARN_UNUSED_VARIABLE = YES;
				IPHONEOS_DEPLOYMENT_TARGET = 16.1;
				MTL_ENABLE_DEBUG_INFO = INCLUDE_SOURCE;
				MTL_FAST_MATH = YES;
				ONLY_ACTIVE_ARCH = YES;
				SDKROOT = iphoneos;
				SWIFT_ACTIVE_COMPILATION_CONDITIONS = DEBUG;
				SWIFT_OPTIMIZATION_LEVEL = "-Onone";
			};
			name = Debug;
		};
		D140611A2939694300796A2B /* Release */ = {
			isa = XCBuildConfiguration;
			buildSettings = {
				ALWAYS_SEARCH_USER_PATHS = NO;
				CLANG_ANALYZER_NONNULL = YES;
				CLANG_ANALYZER_NUMBER_OBJECT_CONVERSION = YES_AGGRESSIVE;
				CLANG_CXX_LANGUAGE_STANDARD = "gnu++20";
				CLANG_ENABLE_MODULES = YES;
				CLANG_ENABLE_OBJC_ARC = YES;
				CLANG_ENABLE_OBJC_WEAK = YES;
				CLANG_WARN_BLOCK_CAPTURE_AUTORELEASING = YES;
				CLANG_WARN_BOOL_CONVERSION = YES;
				CLANG_WARN_COMMA = YES;
				CLANG_WARN_CONSTANT_CONVERSION = YES;
				CLANG_WARN_DEPRECATED_OBJC_IMPLEMENTATIONS = YES;
				CLANG_WARN_DIRECT_OBJC_ISA_USAGE = YES_ERROR;
				CLANG_WARN_DOCUMENTATION_COMMENTS = YES;
				CLANG_WARN_EMPTY_BODY = YES;
				CLANG_WARN_ENUM_CONVERSION = YES;
				CLANG_WARN_INFINITE_RECURSION = YES;
				CLANG_WARN_INT_CONVERSION = YES;
				CLANG_WARN_NON_LITERAL_NULL_CONVERSION = YES;
				CLANG_WARN_OBJC_IMPLICIT_RETAIN_SELF = YES;
				CLANG_WARN_OBJC_LITERAL_CONVERSION = YES;
				CLANG_WARN_OBJC_ROOT_CLASS = YES_ERROR;
				CLANG_WARN_QUOTED_INCLUDE_IN_FRAMEWORK_HEADER = YES;
				CLANG_WARN_RANGE_LOOP_ANALYSIS = YES;
				CLANG_WARN_STRICT_PROTOTYPES = YES;
				CLANG_WARN_SUSPICIOUS_MOVE = YES;
				CLANG_WARN_UNGUARDED_AVAILABILITY = YES_AGGRESSIVE;
				CLANG_WARN_UNREACHABLE_CODE = YES;
				CLANG_WARN__DUPLICATE_METHOD_MATCH = YES;
				COPY_PHASE_STRIP = NO;
				DEBUG_INFORMATION_FORMAT = "dwarf-with-dsym";
				ENABLE_NS_ASSERTIONS = NO;
				ENABLE_STRICT_OBJC_MSGSEND = YES;
				GCC_C_LANGUAGE_STANDARD = gnu11;
				GCC_NO_COMMON_BLOCKS = YES;
				GCC_WARN_64_TO_32_BIT_CONVERSION = YES;
				GCC_WARN_ABOUT_RETURN_TYPE = YES_ERROR;
				GCC_WARN_UNDECLARED_SELECTOR = YES;
				GCC_WARN_UNINITIALIZED_AUTOS = YES_AGGRESSIVE;
				GCC_WARN_UNUSED_FUNCTION = YES;
				GCC_WARN_UNUSED_VARIABLE = YES;
				IPHONEOS_DEPLOYMENT_TARGET = 16.1;
				MTL_ENABLE_DEBUG_INFO = NO;
				MTL_FAST_MATH = YES;
				SDKROOT = iphoneos;
				SWIFT_COMPILATION_MODE = wholemodule;
				SWIFT_OPTIMIZATION_LEVEL = "-O";
				VALIDATE_PRODUCT = YES;
			};
			name = Release;
		};
		D140611C2939694300796A2B /* Debug */ = {
			isa = XCBuildConfiguration;
			buildSettings = {
				ASSETCATALOG_COMPILER_APPICON_NAME = AppIcon;
				ASSETCATALOG_COMPILER_GLOBAL_ACCENT_COLOR_NAME = AccentColor;
				CODE_SIGN_STYLE = Automatic;
				CURRENT_PROJECT_VERSION = 1;
				DEVELOPMENT_ASSET_PATHS = "\"CoinInfoApp/Preview Content\"";
				ENABLE_PREVIEWS = YES;
				GENERATE_INFOPLIST_FILE = YES;
				INFOPLIST_KEY_UIApplicationSceneManifest_Generation = YES;
				INFOPLIST_KEY_UIApplicationSupportsIndirectInputEvents = YES;
				INFOPLIST_KEY_UILaunchScreen_Generation = YES;
				INFOPLIST_KEY_UISupportedInterfaceOrientations = UIInterfaceOrientationPortrait;
				INFOPLIST_KEY_UISupportedInterfaceOrientations_iPad = "UIInterfaceOrientationLandscapeLeft UIInterfaceOrientationLandscapeRight UIInterfaceOrientationPortrait UIInterfaceOrientationPortraitUpsideDown";
				IPHONEOS_DEPLOYMENT_TARGET = 16.0;
				LD_RUNPATH_SEARCH_PATHS = (
					"$(inherited)",
					"@executable_path/Frameworks",
				);
				MARKETING_VERSION = 1.0;
				PRODUCT_BUNDLE_IDENTIFIER = com.CoinInfoApp;
				PRODUCT_NAME = "$(TARGET_NAME)";
				SUPPORTED_PLATFORMS = "iphoneos iphonesimulator";
				SUPPORTS_MACCATALYST = NO;
				SUPPORTS_MAC_DESIGNED_FOR_IPHONE_IPAD = NO;
				SWIFT_EMIT_LOC_STRINGS = YES;
				SWIFT_VERSION = 5.0;
				TARGETED_DEVICE_FAMILY = 1;
			};
			name = Debug;
		};
		D140611D2939694300796A2B /* Release */ = {
			isa = XCBuildConfiguration;
			buildSettings = {
				ASSETCATALOG_COMPILER_APPICON_NAME = AppIcon;
				ASSETCATALOG_COMPILER_GLOBAL_ACCENT_COLOR_NAME = AccentColor;
				CODE_SIGN_STYLE = Automatic;
				CURRENT_PROJECT_VERSION = 1;
				DEVELOPMENT_ASSET_PATHS = "\"CoinInfoApp/Preview Content\"";
				ENABLE_PREVIEWS = YES;
				GENERATE_INFOPLIST_FILE = YES;
				INFOPLIST_KEY_UIApplicationSceneManifest_Generation = YES;
				INFOPLIST_KEY_UIApplicationSupportsIndirectInputEvents = YES;
				INFOPLIST_KEY_UILaunchScreen_Generation = YES;
				INFOPLIST_KEY_UISupportedInterfaceOrientations = UIInterfaceOrientationPortrait;
				INFOPLIST_KEY_UISupportedInterfaceOrientations_iPad = "UIInterfaceOrientationLandscapeLeft UIInterfaceOrientationLandscapeRight UIInterfaceOrientationPortrait UIInterfaceOrientationPortraitUpsideDown";
				IPHONEOS_DEPLOYMENT_TARGET = 16.0;
				LD_RUNPATH_SEARCH_PATHS = (
					"$(inherited)",
					"@executable_path/Frameworks",
				);
				MARKETING_VERSION = 1.0;
				PRODUCT_BUNDLE_IDENTIFIER = com.CoinInfoApp;
				PRODUCT_NAME = "$(TARGET_NAME)";
				SUPPORTED_PLATFORMS = "iphoneos iphonesimulator";
				SUPPORTS_MACCATALYST = NO;
				SUPPORTS_MAC_DESIGNED_FOR_IPHONE_IPAD = NO;
				SWIFT_EMIT_LOC_STRINGS = YES;
				SWIFT_VERSION = 5.0;
				TARGETED_DEVICE_FAMILY = 1;
			};
			name = Release;
		};
/* End XCBuildConfiguration section */

/* Begin XCConfigurationList section */
		D14061082939694200796A2B /* Build configuration list for PBXProject "CoinInfoApp" */ = {
			isa = XCConfigurationList;
			buildConfigurations = (
				D14061192939694300796A2B /* Debug */,
				D140611A2939694300796A2B /* Release */,
			);
			defaultConfigurationIsVisible = 0;
			defaultConfigurationName = Release;
		};
		D140611B2939694300796A2B /* Build configuration list for PBXNativeTarget "CoinInfoApp" */ = {
			isa = XCConfigurationList;
			buildConfigurations = (
				D140611C2939694300796A2B /* Debug */,
				D140611D2939694300796A2B /* Release */,
			);
			defaultConfigurationIsVisible = 0;
			defaultConfigurationName = Release;
		};
/* End XCConfigurationList section */
	};
	rootObject = D14061052939694200796A2B /* Project object */;
}
